{
  "name": "scripts",
  "lockfileVersion": 2,
  "requires": true,
  "packages": {
    "": {
      "dependencies": {
        "@mysten/sui.js": "^0.36.0",
        "@noble/hashes": "^1.3.1",
        "dotenv": "^16.3.0"
      },
      "devDependencies": {
        "@types/node": "^20.3.1"
      }
    },
    "node_modules/@mysten/bcs": {
      "version": "0.7.2",
      "resolved": "https://registry.npmjs.org/@mysten/bcs/-/bcs-0.7.2.tgz",
      "integrity": "sha512-M8aUGFwoBEj9XPCJcYuVlv8UbqBINAYhrDGLavdCYZwGlN5saGgrBcnGpXk+D2/Vp+aEUFh3RCyKudn7H0G9hQ==",
      "dependencies": {
        "bs58": "^5.0.0"
      }
    },
    "node_modules/@mysten/sui.js": {
      "version": "0.36.0",
      "resolved": "https://registry.npmjs.org/@mysten/sui.js/-/sui.js-0.36.0.tgz",
      "integrity": "sha512-l/gZUxlr0oHgnwuHYxIVp+JOrdj1imhffL5iK25JYh3WV4sTxiQntCLuSen6etXyFG9c1l2GNvVaGZaV3mb4Hw==",
      "dependencies": {
        "@mysten/bcs": "0.7.2",
        "@noble/curves": "^1.0.0",
        "@noble/hashes": "^1.3.0",
        "@open-rpc/client-js": "^1.8.1",
        "@scure/bip32": "^1.3.0",
        "@scure/bip39": "^1.2.0",
        "@suchipi/femver": "^1.0.0",
        "superstruct": "^1.0.3",
        "tweetnacl": "^1.0.3"
      },
      "engines": {
        "node": ">=16"
      }
    },
    "node_modules/@noble/curves": {
      "version": "1.1.0",
      "resolved": "https://registry.npmjs.org/@noble/curves/-/curves-1.1.0.tgz",
      "integrity": "sha512-091oBExgENk/kGj3AZmtBDMpxQPDtxQABR2B9lb1JbVTs6ytdzZNwvhxQ4MWasRNEzlbEH8jCWFCwhF/Obj5AA==",
      "dependencies": {
        "@noble/hashes": "1.3.1"
      },
      "funding": {
        "url": "https://paulmillr.com/funding/"
      }
    },
    "node_modules/@noble/hashes": {
      "version": "1.3.1",
      "resolved": "https://registry.npmjs.org/@noble/hashes/-/hashes-1.3.1.tgz",
      "integrity": "sha512-EbqwksQwz9xDRGfDST86whPBgM65E0OH/pCgqW0GBVzO22bNE+NuIbeTb714+IfSjU3aRk47EUvXIb5bTsenKA==",
      "engines": {
        "node": ">= 16"
      },
      "funding": {
        "url": "https://paulmillr.com/funding/"
      }
    },
    "node_modules/@open-rpc/client-js": {
      "version": "1.8.1",
      "resolved": "https://registry.npmjs.org/@open-rpc/client-js/-/client-js-1.8.1.tgz",
      "integrity": "sha512-vV+Hetl688nY/oWI9IFY0iKDrWuLdYhf7OIKI6U1DcnJV7r4gAgwRJjEr1QVYszUc0gjkHoQJzqevmXMGLyA0g==",
      "dependencies": {
        "isomorphic-fetch": "^3.0.0",
        "isomorphic-ws": "^5.0.0",
        "strict-event-emitter-types": "^2.0.0",
        "ws": "^7.0.0"
      }
    },
    "node_modules/@scure/base": {
      "version": "1.1.1",
      "resolved": "https://registry.npmjs.org/@scure/base/-/base-1.1.1.tgz",
      "integrity": "sha512-ZxOhsSyxYwLJj3pLZCefNitxsj093tb2vq90mp2txoYeBqbcjDjqFhyM8eUjq/uFm6zJ+mUuqxlS2FkuSY1MTA==",
      "funding": [
        {
          "type": "individual",
          "url": "https://paulmillr.com/funding/"
        }
      ]
    },
    "node_modules/@scure/bip32": {
      "version": "1.3.0",
      "resolved": "https://registry.npmjs.org/@scure/bip32/-/bip32-1.3.0.tgz",
      "integrity": "sha512-bcKpo1oj54hGholplGLpqPHRbIsnbixFtc06nwuNM5/dwSXOq/AAYoIBRsBmnZJSdfeNW5rnff7NTAz3ZCqR9Q==",
      "funding": [
        {
          "type": "individual",
          "url": "https://paulmillr.com/funding/"
        }
      ],
      "dependencies": {
        "@noble/curves": "~1.0.0",
        "@noble/hashes": "~1.3.0",
        "@scure/base": "~1.1.0"
      }
    },
    "node_modules/@scure/bip32/node_modules/@noble/curves": {
      "version": "1.0.0",
      "resolved": "https://registry.npmjs.org/@noble/curves/-/curves-1.0.0.tgz",
      "integrity": "sha512-2upgEu0iLiDVDZkNLeFV2+ht0BAVgQnEmCk6JsOch9Rp8xfkMCbvbAZlA2pBHQc73dbl+vFOXfqkf4uemdn0bw==",
      "funding": [
        {
          "type": "individual",
          "url": "https://paulmillr.com/funding/"
        }
      ],
      "dependencies": {
        "@noble/hashes": "1.3.0"
      }
    },
    "node_modules/@scure/bip32/node_modules/@noble/hashes": {
      "version": "1.3.0",
      "resolved": "https://registry.npmjs.org/@noble/hashes/-/hashes-1.3.0.tgz",
      "integrity": "sha512-ilHEACi9DwqJB0pw7kv+Apvh50jiiSyR/cQ3y4W7lOR5mhvn/50FLUfsnfJz0BDZtl/RR16kXvptiv6q1msYZg==",
      "funding": [
        {
          "type": "individual",
          "url": "https://paulmillr.com/funding/"
        }
      ]
    },
    "node_modules/@scure/bip39": {
      "version": "1.2.0",
      "resolved": "https://registry.npmjs.org/@scure/bip39/-/bip39-1.2.0.tgz",
      "integrity": "sha512-SX/uKq52cuxm4YFXWFaVByaSHJh2w3BnokVSeUJVCv6K7WulT9u2BuNRBhuFl8vAuYnzx9bEu9WgpcNYTrYieg==",
      "funding": [
        {
          "type": "individual",
          "url": "https://paulmillr.com/funding/"
        }
      ],
      "dependencies": {
        "@noble/hashes": "~1.3.0",
        "@scure/base": "~1.1.0"
      }
    },
    "node_modules/@suchipi/femver": {
      "version": "1.0.0",
      "resolved": "https://registry.npmjs.org/@suchipi/femver/-/femver-1.0.0.tgz",
      "integrity": "sha512-bprE8+K5V+DPX7q2e2K57ImqNBdfGHDIWaGI5xHxZoxbKOuQZn4wzPiUxOAHnsUr3w3xHrWXwN7gnG/iIuEMIg=="
    },
    "node_modules/@types/node": {
      "version": "20.3.1",
      "resolved": "https://registry.npmjs.org/@types/node/-/node-20.3.1.tgz",
      "integrity": "sha512-EhcH/wvidPy1WeML3TtYFGR83UzjxeWRen9V402T8aUGYsCHOmfoisV3ZSg03gAFIbLq8TnWOJ0f4cALtnSEUg==",
      "dev": true
    },
    "node_modules/base-x": {
      "version": "4.0.0",
      "resolved": "https://registry.npmjs.org/base-x/-/base-x-4.0.0.tgz",
      "integrity": "sha512-FuwxlW4H5kh37X/oW59pwTzzTKRzfrrQwhmyspRM7swOEZcHtDZSCt45U6oKgtuFE+WYPblePMVIPR4RZrh/hw=="
    },
    "node_modules/bs58": {
      "version": "5.0.0",
      "resolved": "https://registry.npmjs.org/bs58/-/bs58-5.0.0.tgz",
      "integrity": "sha512-r+ihvQJvahgYT50JD05dyJNKlmmSlMoOGwn1lCcEzanPglg7TxYjioQUYehQ9mAR/+hOSd2jRc/Z2y5UxBymvQ==",
      "dependencies": {
        "base-x": "^4.0.0"
      }
    },
    "node_modules/dotenv": {
      "version": "16.3.0",
      "resolved": "https://registry.npmjs.org/dotenv/-/dotenv-16.3.0.tgz",
      "integrity": "sha512-tHB+hmf8MRCkT3VVivGiG8kq9HiGTmQ3FzOKgztfpJQH1IWuZTOvKSJmHNnQPowecAmkCJhLrxdPhOr06LLqIQ==",
      "engines": {
        "node": ">=12"
      },
      "funding": {
        "url": "https://github.com/motdotla/dotenv?sponsor=1"
      }
    },
    "node_modules/isomorphic-fetch": {
      "version": "3.0.0",
      "resolved": "https://registry.npmjs.org/isomorphic-fetch/-/isomorphic-fetch-3.0.0.tgz",
      "integrity": "sha512-qvUtwJ3j6qwsF3jLxkZ72qCgjMysPzDfeV240JHiGZsANBYd+EEuu35v7dfrJ9Up0Ak07D7GGSkGhCHTqg/5wA==",
      "dependencies": {
        "node-fetch": "^2.6.1",
        "whatwg-fetch": "^3.4.1"
      }
    },
    "node_modules/isomorphic-ws": {
      "version": "5.0.0",
      "resolved": "https://registry.npmjs.org/isomorphic-ws/-/isomorphic-ws-5.0.0.tgz",
      "integrity": "sha512-muId7Zzn9ywDsyXgTIafTry2sV3nySZeUDe6YedVd1Hvuuep5AsIlqK+XefWpYTyJG5e503F2xIuT2lcU6rCSw==",
      "peerDependencies": {
        "ws": "*"
      }
    },
    "node_modules/node-fetch": {
      "version": "2.6.11",
      "resolved": "https://registry.npmjs.org/node-fetch/-/node-fetch-2.6.11.tgz",
      "integrity": "sha512-4I6pdBY1EthSqDmJkiNk3JIT8cswwR9nfeW/cPdUagJYEQG7R95WRH74wpz7ma8Gh/9dI9FP+OU+0E4FvtA55w==",
      "dependencies": {
        "whatwg-url": "^5.0.0"
      },
      "engines": {
        "node": "4.x || >=6.0.0"
      },
      "peerDependencies": {
        "encoding": "^0.1.0"
      },
      "peerDependenciesMeta": {
        "encoding": {
          "optional": true
        }
      }
    },
    "node_modules/strict-event-emitter-types": {
      "version": "2.0.0",
      "resolved": "https://registry.npmjs.org/strict-event-emitter-types/-/strict-event-emitter-types-2.0.0.tgz",
      "integrity": "sha512-Nk/brWYpD85WlOgzw5h173aci0Teyv8YdIAEtV+N88nDB0dLlazZyJMIsN6eo1/AR61l+p6CJTG1JIyFaoNEEA=="
    },
    "node_modules/superstruct": {
      "version": "1.0.3",
      "resolved": "https://registry.npmjs.org/superstruct/-/superstruct-1.0.3.tgz",
      "integrity": "sha512-8iTn3oSS8nRGn+C2pgXSKPI3jmpm6FExNazNpjvqS6ZUJQCej3PUXEKM8NjHBOs54ExM+LPW/FBRhymrdcCiSg==",
      "engines": {
        "node": ">=14.0.0"
      }
    },
    "node_modules/tr46": {
      "version": "0.0.3",
      "resolved": "https://registry.npmjs.org/tr46/-/tr46-0.0.3.tgz",
      "integrity": "sha512-N3WMsuqV66lT30CrXNbEjx4GEwlow3v6rr4mCcv6prnfwhS01rkgyFdjPNBYd9br7LpXV1+Emh01fHnq2Gdgrw=="
    },
    "node_modules/tweetnacl": {
      "version": "1.0.3",
      "resolved": "https://registry.npmjs.org/tweetnacl/-/tweetnacl-1.0.3.tgz",
      "integrity": "sha512-6rt+RN7aOi1nGMyC4Xa5DdYiukl2UWCbcJft7YhxReBGQD7OAM8Pbxw6YMo4r2diNEA8FEmu32YOn9rhaiE5yw=="
    },
    "node_modules/webidl-conversions": {
      "version": "3.0.1",
      "resolved": "https://registry.npmjs.org/webidl-conversions/-/webidl-conversions-3.0.1.tgz",
      "integrity": "sha512-2JAn3z8AR6rjK8Sm8orRC0h/bcl/DqL7tRPdGZ4I1CjdF+EaMLmYxBHyXuKL849eucPFhvBoxMsflfOb8kxaeQ=="
    },
    "node_modules/whatwg-fetch": {
      "version": "3.6.2",
      "resolved": "https://registry.npmjs.org/whatwg-fetch/-/whatwg-fetch-3.6.2.tgz",
      "integrity": "sha512-bJlen0FcuU/0EMLrdbJ7zOnW6ITZLrZMIarMUVmdKtsGvZna8vxKYaexICWPfZ8qwf9fzNq+UEIZrnSaApt6RA=="
    },
    "node_modules/whatwg-url": {
      "version": "5.0.0",
      "resolved": "https://registry.npmjs.org/whatwg-url/-/whatwg-url-5.0.0.tgz",
      "integrity": "sha512-saE57nupxk6v3HY35+jzBwYa0rKSy0XR8JSxZPwgLr7ys0IBzhGviA1/TUGJLmSVqs8pb9AnvICXEuOHLprYTw==",
      "dependencies": {
        "tr46": "~0.0.3",
        "webidl-conversions": "^3.0.0"
      }
    },
    "node_modules/ws": {
      "version": "7.5.9",
      "resolved": "https://registry.npmjs.org/ws/-/ws-7.5.9.tgz",
      "integrity": "sha512-F+P9Jil7UiSKSkppIiD94dN07AwvFixvLIj1Og1Rl9GGMuNipJnV9JzjD6XuqmAeiswGvUmNLjr5cFuXwNS77Q==",
      "engines": {
        "node": ">=8.3.0"
      },
      "peerDependencies": {
        "bufferutil": "^4.0.1",
        "utf-8-validate": "^5.0.2"
      },
      "peerDependenciesMeta": {
        "bufferutil": {
          "optional": true
        },
        "utf-8-validate": {
          "optional": true
        }
      }
    }
  },
  "dependencies": {
    "@mysten/bcs": {
      "version": "0.7.2",
      "resolved": "https://registry.npmjs.org/@mysten/bcs/-/bcs-0.7.2.tgz",
      "integrity": "sha512-M8aUGFwoBEj9XPCJcYuVlv8UbqBINAYhrDGLavdCYZwGlN5saGgrBcnGpXk+D2/Vp+aEUFh3RCyKudn7H0G9hQ==",
      "requires": {
        "bs58": "^5.0.0"
      }
    },
    "@mysten/sui.js": {
      "version": "0.36.0",
      "resolved": "https://registry.npmjs.org/@mysten/sui.js/-/sui.js-0.36.0.tgz",
      "integrity": "sha512-l/gZUxlr0oHgnwuHYxIVp+JOrdj1imhffL5iK25JYh3WV4sTxiQntCLuSen6etXyFG9c1l2GNvVaGZaV3mb4Hw==",
      "requires": {
        "@mysten/bcs": "0.7.2",
        "@noble/curves": "^1.0.0",
        "@noble/hashes": "^1.3.0",
        "@open-rpc/client-js": "^1.8.1",
        "@scure/bip32": "^1.3.0",
        "@scure/bip39": "^1.2.0",
        "@suchipi/femver": "^1.0.0",
        "superstruct": "^1.0.3",
        "tweetnacl": "^1.0.3"
      }
    },
    "@noble/curves": {
      "version": "1.1.0",
      "resolved": "https://registry.npmjs.org/@noble/curves/-/curves-1.1.0.tgz",
      "integrity": "sha512-091oBExgENk/kGj3AZmtBDMpxQPDtxQABR2B9lb1JbVTs6ytdzZNwvhxQ4MWasRNEzlbEH8jCWFCwhF/Obj5AA==",
      "requires": {
        "@noble/hashes": "1.3.1"
      }
    },
    "@noble/hashes": {
      "version": "1.3.1",
      "resolved": "https://registry.npmjs.org/@noble/hashes/-/hashes-1.3.1.tgz",
      "integrity": "sha512-EbqwksQwz9xDRGfDST86whPBgM65E0OH/pCgqW0GBVzO22bNE+NuIbeTb714+IfSjU3aRk47EUvXIb5bTsenKA=="
    },
    "@open-rpc/client-js": {
      "version": "1.8.1",
      "resolved": "https://registry.npmjs.org/@open-rpc/client-js/-/client-js-1.8.1.tgz",
      "integrity": "sha512-vV+Hetl688nY/oWI9IFY0iKDrWuLdYhf7OIKI6U1DcnJV7r4gAgwRJjEr1QVYszUc0gjkHoQJzqevmXMGLyA0g==",
      "requires": {
        "isomorphic-fetch": "^3.0.0",
        "isomorphic-ws": "^5.0.0",
        "strict-event-emitter-types": "^2.0.0",
        "ws": "^7.0.0"
      }
    },
    "@scure/base": {
      "version": "1.1.1",
      "resolved": "https://registry.npmjs.org/@scure/base/-/base-1.1.1.tgz",
      "integrity": "sha512-ZxOhsSyxYwLJj3pLZCefNitxsj093tb2vq90mp2txoYeBqbcjDjqFhyM8eUjq/uFm6zJ+mUuqxlS2FkuSY1MTA=="
    },
    "@scure/bip32": {
      "version": "1.3.0",
      "resolved": "https://registry.npmjs.org/@scure/bip32/-/bip32-1.3.0.tgz",
      "integrity": "sha512-bcKpo1oj54hGholplGLpqPHRbIsnbixFtc06nwuNM5/dwSXOq/AAYoIBRsBmnZJSdfeNW5rnff7NTAz3ZCqR9Q==",
      "requires": {
        "@noble/curves": "~1.0.0",
        "@noble/hashes": "~1.3.0",
        "@scure/base": "~1.1.0"
      },
      "dependencies": {
        "@noble/curves": {
          "version": "1.0.0",
          "resolved": "https://registry.npmjs.org/@noble/curves/-/curves-1.0.0.tgz",
          "integrity": "sha512-2upgEu0iLiDVDZkNLeFV2+ht0BAVgQnEmCk6JsOch9Rp8xfkMCbvbAZlA2pBHQc73dbl+vFOXfqkf4uemdn0bw==",
          "requires": {
            "@noble/hashes": "1.3.0"
          }
        },
        "@noble/hashes": {
          "version": "1.3.0",
          "resolved": "https://registry.npmjs.org/@noble/hashes/-/hashes-1.3.0.tgz",
          "integrity": "sha512-ilHEACi9DwqJB0pw7kv+Apvh50jiiSyR/cQ3y4W7lOR5mhvn/50FLUfsnfJz0BDZtl/RR16kXvptiv6q1msYZg=="
        }
      }
    },
    "@scure/bip39": {
      "version": "1.2.0",
      "resolved": "https://registry.npmjs.org/@scure/bip39/-/bip39-1.2.0.tgz",
      "integrity": "sha512-SX/uKq52cuxm4YFXWFaVByaSHJh2w3BnokVSeUJVCv6K7WulT9u2BuNRBhuFl8vAuYnzx9bEu9WgpcNYTrYieg==",
      "requires": {
        "@noble/hashes": "~1.3.0",
        "@scure/base": "~1.1.0"
      }
    },
    "@suchipi/femver": {
      "version": "1.0.0",
      "resolved": "https://registry.npmjs.org/@suchipi/femver/-/femver-1.0.0.tgz",
      "integrity": "sha512-bprE8+K5V+DPX7q2e2K57ImqNBdfGHDIWaGI5xHxZoxbKOuQZn4wzPiUxOAHnsUr3w3xHrWXwN7gnG/iIuEMIg=="
    },
    "@types/node": {
      "version": "20.3.1",
      "resolved": "https://registry.npmjs.org/@types/node/-/node-20.3.1.tgz",
      "integrity": "sha512-EhcH/wvidPy1WeML3TtYFGR83UzjxeWRen9V402T8aUGYsCHOmfoisV3ZSg03gAFIbLq8TnWOJ0f4cALtnSEUg==",
      "dev": true
    },
    "base-x": {
      "version": "4.0.0",
      "resolved": "https://registry.npmjs.org/base-x/-/base-x-4.0.0.tgz",
      "integrity": "sha512-FuwxlW4H5kh37X/oW59pwTzzTKRzfrrQwhmyspRM7swOEZcHtDZSCt45U6oKgtuFE+WYPblePMVIPR4RZrh/hw=="
    },
    "bs58": {
      "version": "5.0.0",
      "resolved": "https://registry.npmjs.org/bs58/-/bs58-5.0.0.tgz",
      "integrity": "sha512-r+ihvQJvahgYT50JD05dyJNKlmmSlMoOGwn1lCcEzanPglg7TxYjioQUYehQ9mAR/+hOSd2jRc/Z2y5UxBymvQ==",
      "requires": {
        "base-x": "^4.0.0"
      }
    },
    "dotenv": {
      "version": "16.3.0",
      "resolved": "https://registry.npmjs.org/dotenv/-/dotenv-16.3.0.tgz",
      "integrity": "sha512-tHB+hmf8MRCkT3VVivGiG8kq9HiGTmQ3FzOKgztfpJQH1IWuZTOvKSJmHNnQPowecAmkCJhLrxdPhOr06LLqIQ=="
    },
    "isomorphic-fetch": {
      "version": "3.0.0",
      "resolved": "https://registry.npmjs.org/isomorphic-fetch/-/isomorphic-fetch-3.0.0.tgz",
      "integrity": "sha512-qvUtwJ3j6qwsF3jLxkZ72qCgjMysPzDfeV240JHiGZsANBYd+EEuu35v7dfrJ9Up0Ak07D7GGSkGhCHTqg/5wA==",
      "requires": {
        "node-fetch": "^2.6.1",
        "whatwg-fetch": "^3.4.1"
      }
    },
    "isomorphic-ws": {
      "version": "5.0.0",
      "resolved": "https://registry.npmjs.org/isomorphic-ws/-/isomorphic-ws-5.0.0.tgz",
      "integrity": "sha512-muId7Zzn9ywDsyXgTIafTry2sV3nySZeUDe6YedVd1Hvuuep5AsIlqK+XefWpYTyJG5e503F2xIuT2lcU6rCSw==",
      "requires": {}
    },
    "node-fetch": {
      "version": "2.6.11",
      "resolved": "https://registry.npmjs.org/node-fetch/-/node-fetch-2.6.11.tgz",
      "integrity": "sha512-4I6pdBY1EthSqDmJkiNk3JIT8cswwR9nfeW/cPdUagJYEQG7R95WRH74wpz7ma8Gh/9dI9FP+OU+0E4FvtA55w==",
      "requires": {
        "whatwg-url": "^5.0.0"
      }
    },
    "strict-event-emitter-types": {
      "version": "2.0.0",
      "resolved": "https://registry.npmjs.org/strict-event-emitter-types/-/strict-event-emitter-types-2.0.0.tgz",
      "integrity": "sha512-Nk/brWYpD85WlOgzw5h173aci0Teyv8YdIAEtV+N88nDB0dLlazZyJMIsN6eo1/AR61l+p6CJTG1JIyFaoNEEA=="
    },
    "superstruct": {
      "version": "1.0.3",
      "resolved": "https://registry.npmjs.org/superstruct/-/superstruct-1.0.3.tgz",
      "integrity": "sha512-8iTn3oSS8nRGn+C2pgXSKPI3jmpm6FExNazNpjvqS6ZUJQCej3PUXEKM8NjHBOs54ExM+LPW/FBRhymrdcCiSg=="
    },
    "tr46": {
      "version": "0.0.3",
      "resolved": "https://registry.npmjs.org/tr46/-/tr46-0.0.3.tgz",
      "integrity": "sha512-N3WMsuqV66lT30CrXNbEjx4GEwlow3v6rr4mCcv6prnfwhS01rkgyFdjPNBYd9br7LpXV1+Emh01fHnq2Gdgrw=="
    },
    "tweetnacl": {
      "version": "1.0.3",
      "resolved": "https://registry.npmjs.org/tweetnacl/-/tweetnacl-1.0.3.tgz",
      "integrity": "sha512-6rt+RN7aOi1nGMyC4Xa5DdYiukl2UWCbcJft7YhxReBGQD7OAM8Pbxw6YMo4r2diNEA8FEmu32YOn9rhaiE5yw=="
    },
    "webidl-conversions": {
      "version": "3.0.1",
      "resolved": "https://registry.npmjs.org/webidl-conversions/-/webidl-conversions-3.0.1.tgz",
      "integrity": "sha512-2JAn3z8AR6rjK8Sm8orRC0h/bcl/DqL7tRPdGZ4I1CjdF+EaMLmYxBHyXuKL849eucPFhvBoxMsflfOb8kxaeQ=="
    },
    "whatwg-fetch": {
      "version": "3.6.2",
      "resolved": "https://registry.npmjs.org/whatwg-fetch/-/whatwg-fetch-3.6.2.tgz",
      "integrity": "sha512-bJlen0FcuU/0EMLrdbJ7zOnW6ITZLrZMIarMUVmdKtsGvZna8vxKYaexICWPfZ8qwf9fzNq+UEIZrnSaApt6RA=="
    },
    "whatwg-url": {
      "version": "5.0.0",
      "resolved": "https://registry.npmjs.org/whatwg-url/-/whatwg-url-5.0.0.tgz",
      "integrity": "sha512-saE57nupxk6v3HY35+jzBwYa0rKSy0XR8JSxZPwgLr7ys0IBzhGviA1/TUGJLmSVqs8pb9AnvICXEuOHLprYTw==",
      "requires": {
        "tr46": "~0.0.3",
        "webidl-conversions": "^3.0.0"
      }
    },
    "ws": {
      "version": "7.5.9",
      "resolved": "https://registry.npmjs.org/ws/-/ws-7.5.9.tgz",
      "integrity": "sha512-F+P9Jil7UiSKSkppIiD94dN07AwvFixvLIj1Og1Rl9GGMuNipJnV9JzjD6XuqmAeiswGvUmNLjr5cFuXwNS77Q==",
      "requires": {}
    }
  }
}
